// !$*UTF8*$!
{
	archiveVersion = 1;
	classes = {
	};
	objectVersion = 50;
	objects = {

/* Begin PBXBuildFile section */
		18EDEBBF22C1407C00A03DB5 /* AppDelegate.swift in Sources */ = {isa = PBXBuildFile; fileRef = 18EDEBBE22C1407C00A03DB5 /* AppDelegate.swift */; };
		18EDEBC422C1407C00A03DB5 /* Main.storyboard in Resources */ = {isa = PBXBuildFile; fileRef = 18EDEBC222C1407C00A03DB5 /* Main.storyboard */; };
		18EDEBC722C1407D00A03DB5 /* ViewFinder.xcdatamodeld in Sources */ = {isa = PBXBuildFile; fileRef = 18EDEBC522C1407C00A03DB5 /* ViewFinder.xcdatamodeld */; };
		18EDEBC922C1407F00A03DB5 /* Assets.xcassets in Resources */ = {isa = PBXBuildFile; fileRef = 18EDEBC822C1407F00A03DB5 /* Assets.xcassets */; };
		18EDEBCC22C1407F00A03DB5 /* LaunchScreen.storyboard in Resources */ = {isa = PBXBuildFile; fileRef = 18EDEBCA22C1407F00A03DB5 /* LaunchScreen.storyboard */; };
		18EDEBD722C1407F00A03DB5 /* ViewFinderTests.swift in Sources */ = {isa = PBXBuildFile; fileRef = 18EDEBD622C1407F00A03DB5 /* ViewFinderTests.swift */; };
		18EDEBE222C1407F00A03DB5 /* ViewFinderUITests.swift in Sources */ = {isa = PBXBuildFile; fileRef = 18EDEBE122C1407F00A03DB5 /* ViewFinderUITests.swift */; };
/* End PBXBuildFile section */

/* Begin PBXContainerItemProxy section */
		18EDEBD322C1407F00A03DB5 /* PBXContainerItemProxy */ = {
			isa = PBXContainerItemProxy;
			containerPortal = 18EDEBB322C1407C00A03DB5 /* Project object */;
			proxyType = 1;
			remoteGlobalIDString = 18EDEBBA22C1407C00A03DB5;
			remoteInfo = ViewFinder;
		};
		18EDEBDE22C1407F00A03DB5 /* PBXContainerItemProxy */ = {
			isa = PBXContainerItemProxy;
			containerPortal = 18EDEBB322C1407C00A03DB5 /* Project object */;
			proxyType = 1;
			remoteGlobalIDString = 18EDEBBA22C1407C00A03DB5;
			remoteInfo = ViewFinder;
		};
/* End PBXContainerItemProxy section */

/* Begin PBXFileReference section */
		18EDEBBB22C1407C00A03DB5 /* ViewFinder.app */ = {isa = PBXFileReference; explicitFileType = wrapper.application; includeInIndex = 0; path = ViewFinder.app; sourceTree = BUILT_PRODUCTS_DIR; };
		18EDEBBE22C1407C00A03DB5 /* AppDelegate.swift */ = {isa = PBXFileReference; lastKnownFileType = sourcecode.swift; path = AppDelegate.swift; sourceTree = "<group>"; };
		18EDEBC322C1407C00A03DB5 /* Base */ = {isa = PBXFileReference; lastKnownFileType = file.storyboard; name = Base; path = Base.lproj/Main.storyboard; sourceTree = "<group>"; };
		18EDEBC622C1407C00A03DB5 /* ViewFinder.xcdatamodel */ = {isa = PBXFileReference; lastKnownFileType = wrapper.xcdatamodel; path = ViewFinder.xcdatamodel; sourceTree = "<group>"; };
		18EDEBC822C1407F00A03DB5 /* Assets.xcassets */ = {isa = PBXFileReference; lastKnownFileType = folder.assetcatalog; path = Assets.xcassets; sourceTree = "<group>"; };
		18EDEBCB22C1407F00A03DB5 /* Base */ = {isa = PBXFileReference; lastKnownFileType = file.storyboard; name = Base; path = Base.lproj/LaunchScreen.storyboard; sourceTree = "<group>"; };
		18EDEBCD22C1407F00A03DB5 /* Info.plist */ = {isa = PBXFileReference; lastKnownFileType = text.plist.xml; path = Info.plist; sourceTree = "<group>"; };
		18EDEBD222C1407F00A03DB5 /* ViewFinderTests.xctest */ = {isa = PBXFileReference; explicitFileType = wrapper.cfbundle; includeInIndex = 0; path = ViewFinderTests.xctest; sourceTree = BUILT_PRODUCTS_DIR; };
		18EDEBD622C1407F00A03DB5 /* ViewFinderTests.swift */ = {isa = PBXFileReference; lastKnownFileType = sourcecode.swift; path = ViewFinderTests.swift; sourceTree = "<group>"; };
		18EDEBD822C1407F00A03DB5 /* Info.plist */ = {isa = PBXFileReference; lastKnownFileType = text.plist.xml; path = Info.plist; sourceTree = "<group>"; };
		18EDEBDD22C1407F00A03DB5 /* ViewFinderUITests.xctest */ = {isa = PBXFileReference; explicitFileType = wrapper.cfbundle; includeInIndex = 0; path = ViewFinderUITests.xctest; sourceTree = BUILT_PRODUCTS_DIR; };
		18EDEBE122C1407F00A03DB5 /* ViewFinderUITests.swift */ = {isa = PBXFileReference; lastKnownFileType = sourcecode.swift; path = ViewFinderUITests.swift; sourceTree = "<group>"; };
		18EDEBE322C1407F00A03DB5 /* Info.plist */ = {isa = PBXFileReference; lastKnownFileType = text.plist.xml; path = Info.plist; sourceTree = "<group>"; };
/* End PBXFileReference section */

/* Begin PBXFrameworksBuildPhase section */
		18EDEBB822C1407C00A03DB5 /* Frameworks */ = {
			isa = PBXFrameworksBuildPhase;
			buildActionMask = 2147483647;
			files = (
			);
			runOnlyForDeploymentPostprocessing = 0;
		};
		18EDEBCF22C1407F00A03DB5 /* Frameworks */ = {
			isa = PBXFrameworksBuildPhase;
			buildActionMask = 2147483647;
			files = (
			);
			runOnlyForDeploymentPostprocessing = 0;
		};
		18EDEBDA22C1407F00A03DB5 /* Frameworks */ = {
			isa = PBXFrameworksBuildPhase;
			buildActionMask = 2147483647;
			files = (
			);
			runOnlyForDeploymentPostprocessing = 0;
		};
/* End PBXFrameworksBuildPhase section */

/* Begin PBXGroup section */
		18EDEBB222C1407C00A03DB5 = {
			isa = PBXGroup;
			children = (
				18EDEBBD22C1407C00A03DB5 /* ViewFinder */,
				18EDEBD522C1407F00A03DB5 /* ViewFinderTests */,
				18EDEBE022C1407F00A03DB5 /* ViewFinderUITests */,
				18EDEBBC22C1407C00A03DB5 /* Products */,
			);
			sourceTree = "<group>";
		};
		18EDEBBC22C1407C00A03DB5 /* Products */ = {
			isa = PBXGroup;
			children = (
				18EDEBBB22C1407C00A03DB5 /* ViewFinder.app */,
				18EDEBD222C1407F00A03DB5 /* ViewFinderTests.xctest */,
				18EDEBDD22C1407F00A03DB5 /* ViewFinderUITests.xctest */,
			);
			name = Products;
			sourceTree = "<group>";
		};
		18EDEBBD22C1407C00A03DB5 /* ViewFinder */ = {
			isa = PBXGroup;
			children = (
				18EDEBBE22C1407C00A03DB5 /* AppDelegate.swift */,
				18EDEBC222C1407C00A03DB5 /* Main.storyboard */,
				18EDEBC822C1407F00A03DB5 /* Assets.xcassets */,
				18EDEBCA22C1407F00A03DB5 /* LaunchScreen.storyboard */,
				18EDEBCD22C1407F00A03DB5 /* Info.plist */,
				18EDEBC522C1407C00A03DB5 /* ViewFinder.xcdatamodeld */,
			);
			path = ViewFinder;
			sourceTree = "<group>";
		};
		18EDEBD522C1407F00A03DB5 /* ViewFinderTests */ = {
			isa = PBXGroup;
			children = (
				18EDEBD622C1407F00A03DB5 /* ViewFinderTests.swift */,
				18EDEBD822C1407F00A03DB5 /* Info.plist */,
			);
			path = ViewFinderTests;
			sourceTree = "<group>";
		};
		18EDEBE022C1407F00A03DB5 /* ViewFinderUITests */ = {
			isa = PBXGroup;
			children = (
				18EDEBE122C1407F00A03DB5 /* ViewFinderUITests.swift */,
				18EDEBE322C1407F00A03DB5 /* Info.plist */,
			);
			path = ViewFinderUITests;
			sourceTree = "<group>";
		};
/* End PBXGroup section */

/* Begin PBXNativeTarget section */
		18EDEBBA22C1407C00A03DB5 /* ViewFinder */ = {
			isa = PBXNativeTarget;
			buildConfigurationList = 18EDEBE622C1407F00A03DB5 /* Build configuration list for PBXNativeTarget "ViewFinder" */;
			buildPhases = (
				18EDEBB722C1407C00A03DB5 /* Sources */,
				18EDEBB822C1407C00A03DB5 /* Frameworks */,
				18EDEBB922C1407C00A03DB5 /* Resources */,
			);
			buildRules = (
			);
			dependencies = (
			);
			name = ViewFinder;
			productName = ViewFinder;
			productReference = 18EDEBBB22C1407C00A03DB5 /* ViewFinder.app */;
			productType = "com.apple.product-type.application";
		};
		18EDEBD122C1407F00A03DB5 /* ViewFinderTests */ = {
			isa = PBXNativeTarget;
			buildConfigurationList = 18EDEBE922C1407F00A03DB5 /* Build configuration list for PBXNativeTarget "ViewFinderTests" */;
			buildPhases = (
				18EDEBCE22C1407F00A03DB5 /* Sources */,
				18EDEBCF22C1407F00A03DB5 /* Frameworks */,
				18EDEBD022C1407F00A03DB5 /* Resources */,
			);
			buildRules = (
			);
			dependencies = (
				18EDEBD422C1407F00A03DB5 /* PBXTargetDependency */,
			);
			name = ViewFinderTests;
			productName = ViewFinderTests;
			productReference = 18EDEBD222C1407F00A03DB5 /* ViewFinderTests.xctest */;
			productType = "com.apple.product-type.bundle.unit-test";
		};
		18EDEBDC22C1407F00A03DB5 /* ViewFinderUITests */ = {
			isa = PBXNativeTarget;
			buildConfigurationList = 18EDEBEC22C1407F00A03DB5 /* Build configuration list for PBXNativeTarget "ViewFinderUITests" */;
			buildPhases = (
				18EDEBD922C1407F00A03DB5 /* Sources */,
				18EDEBDA22C1407F00A03DB5 /* Frameworks */,
				18EDEBDB22C1407F00A03DB5 /* Resources */,
			);
			buildRules = (
			);
			dependencies = (
				18EDEBDF22C1407F00A03DB5 /* PBXTargetDependency */,
			);
			name = ViewFinderUITests;
			productName = ViewFinderUITests;
			productReference = 18EDEBDD22C1407F00A03DB5 /* ViewFinderUITests.xctest */;
			productType = "com.apple.product-type.bundle.ui-testing";
		};
/* End PBXNativeTarget section */

/* Begin PBXProject section */
		18EDEBB322C1407C00A03DB5 /* Project object */ = {
			isa = PBXProject;
			attributes = {
				LastSwiftUpdateCheck = 1020;
				LastUpgradeCheck = 1020;
				ORGANIZATIONNAME = Apple;
				TargetAttributes = {
					18EDEBBA22C1407C00A03DB5 = {
						CreatedOnToolsVersion = 10.2.1;
					};
					18EDEBD122C1407F00A03DB5 = {
						CreatedOnToolsVersion = 10.2.1;
						TestTargetID = 18EDEBBA22C1407C00A03DB5;
					};
					18EDEBDC22C1407F00A03DB5 = {
						CreatedOnToolsVersion = 10.2.1;
						TestTargetID = 18EDEBBA22C1407C00A03DB5;
					};
				};
			};
			buildConfigurationList = 18EDEBB622C1407C00A03DB5 /* Build configuration list for PBXProject "ViewFinder" */;
			compatibilityVersion = "Xcode 9.3";
			developmentRegion = en;
			hasScannedForEncodings = 0;
			knownRegions = (
				en,
				Base,
			);
			mainGroup = 18EDEBB222C1407C00A03DB5;
			productRefGroup = 18EDEBBC22C1407C00A03DB5 /* Products */;
			projectDirPath = "";
			projectRoot = "";
			targets = (
				18EDEBBA22C1407C00A03DB5 /* ViewFinder */,
				18EDEBD122C1407F00A03DB5 /* ViewFinderTests */,
				18EDEBDC22C1407F00A03DB5 /* ViewFinderUITests */,
			);
		};
/* End PBXProject section */

/* Begin PBXResourcesBuildPhase section */
		18EDEBB922C1407C00A03DB5 /* Resources */ = {
			isa = PBXResourcesBuildPhase;
			buildActionMask = 2147483647;
			files = (
				18EDEBCC22C1407F00A03DB5 /* LaunchScreen.storyboard in Resources */,
				18EDEBC922C1407F00A03DB5 /* Assets.xcassets in Resources */,
				18EDEBC422C1407C00A03DB5 /* Main.storyboard in Resources */,
			);
			runOnlyForDeploymentPostprocessing = 0;
		};
		18EDEBD022C1407F00A03DB5 /* Resources */ = {
			isa = PBXResourcesBuildPhase;
			buildActionMask = 2147483647;
			files = (
			);
			runOnlyForDeploymentPostprocessing = 0;
		};
		18EDEBDB22C1407F00A03DB5 /* Resources */ = {
			isa = PBXResourcesBuildPhase;
			buildActionMask = 2147483647;
			files = (
			);
			runOnlyForDeploymentPostprocessing = 0;
		};
/* End PBXResourcesBuildPhase section */

/* Begin PBXSourcesBuildPhase section */
		18EDEBB722C1407C00A03DB5 /* Sources */ = {
			isa = PBXSourcesBuildPhase;
			buildActionMask = 2147483647;
			files = (
				18EDEBC722C1407D00A03DB5 /* ViewFinder.xcdatamodeld in Sources */,
				18EDEBBF22C1407C00A03DB5 /* AppDelegate.swift in Sources */,
			);
			runOnlyForDeploymentPostprocessing = 0;
		};
		18EDEBCE22C1407F00A03DB5 /* Sources */ = {
			isa = PBXSourcesBuildPhase;
			buildActionMask = 2147483647;
			files = (
				18EDEBD722C1407F00A03DB5 /* ViewFinderTests.swift in Sources */,
			);
			runOnlyForDeploymentPostprocessing = 0;
		};
		18EDEBD922C1407F00A03DB5 /* Sources */ = {
			isa = PBXSourcesBuildPhase;
			buildActionMask = 2147483647;
			files = (
				18EDEBE222C1407F00A03DB5 /* ViewFinderUITests.swift in Sources */,
			);
			runOnlyForDeploymentPostprocessing = 0;
		};
/* End PBXSourcesBuildPhase section */

/* Begin PBXTargetDependency section */
		18EDEBD422C1407F00A03DB5 /* PBXTargetDependency */ = {
			isa = PBXTargetDependency;
			target = 18EDEBBA22C1407C00A03DB5 /* ViewFinder */;
			targetProxy = 18EDEBD322C1407F00A03DB5 /* PBXContainerItemProxy */;
		};
		18EDEBDF22C1407F00A03DB5 /* PBXTargetDependency */ = {
			isa = PBXTargetDependency;
			target = 18EDEBBA22C1407C00A03DB5 /* ViewFinder */;
			targetProxy = 18EDEBDE22C1407F00A03DB5 /* PBXContainerItemProxy */;
		};
/* End PBXTargetDependency section */

/* Begin PBXVariantGroup section */
		18EDEBC222C1407C00A03DB5 /* Main.storyboard */ = {
			isa = PBXVariantGroup;
			children = (
				18EDEBC322C1407C00A03DB5 /* Base */,
			);
			name = Main.storyboard;
			sourceTree = "<group>";
		};
		18EDEBCA22C1407F00A03DB5 /* LaunchScreen.storyboard */ = {
			isa = PBXVariantGroup;
			children = (
				18EDEBCB22C1407F00A03DB5 /* Base */,
			);
			name = LaunchScreen.storyboard;
			sourceTree = "<group>";
		};
/* End PBXVariantGroup section */

/* Begin XCBuildConfiguration section */
		18EDEBE422C1407F00A03DB5 /* Debug */ = {
			isa = XCBuildConfiguration;
			buildSettings = {
				ALWAYS_SEARCH_USER_PATHS = NO;
				CLANG_ANALYZER_NONNULL = YES;
				CLANG_ANALYZER_NUMBER_OBJECT_CONVERSION = YES_AGGRESSIVE;
				CLANG_CXX_LANGUAGE_STANDARD = "gnu++14";
				CLANG_CXX_LIBRARY = "libc++";
				CLANG_ENABLE_MODULES = YES;
				CLANG_ENABLE_OBJC_ARC = YES;
				CLANG_ENABLE_OBJC_WEAK = YES;
				CLANG_WARN_BLOCK_CAPTURE_AUTORELEASING = YES;
				CLANG_WARN_BOOL_CONVERSION = YES;
				CLANG_WARN_COMMA = YES;
				CLANG_WARN_CONSTANT_CONVERSION = YES;
				CLANG_WARN_DEPRECATED_OBJC_IMPLEMENTATIONS = YES;
				CLANG_WARN_DIRECT_OBJC_ISA_USAGE = YES_ERROR;
				CLANG_WARN_DOCUMENTATION_COMMENTS = YES;
				CLANG_WARN_EMPTY_BODY = YES;
				CLANG_WARN_ENUM_CONVERSION = YES;
				CLANG_WARN_INFINITE_RECURSION = YES;
				CLANG_WARN_INT_CONVERSION = YES;
				CLANG_WARN_NON_LITERAL_NULL_CONVERSION = YES;
				CLANG_WARN_OBJC_IMPLICIT_RETAIN_SELF = YES;
				CLANG_WARN_OBJC_LITERAL_CONVERSION = YES;
				CLANG_WARN_OBJC_ROOT_CLASS = YES_ERROR;
				CLANG_WARN_RANGE_LOOP_ANALYSIS = YES;
				CLANG_WARN_STRICT_PROTOTYPES = YES;
				CLANG_WARN_SUSPICIOUS_MOVE = YES;
				CLANG_WARN_UNGUARDED_AVAILABILITY = YES_AGGRESSIVE;
				CLANG_WARN_UNREACHABLE_CODE = YES;
				CLANG_WARN__DUPLICATE_METHOD_MATCH = YES;
				CODE_SIGN_IDENTITY = "iPhone Developer";
				COPY_PHASE_STRIP = NO;
				DEBUG_INFORMATION_FORMAT = dwarf;
				ENABLE_STRICT_OBJC_MSGSEND = YES;
				ENABLE_TESTABILITY = YES;
				GCC_C_LANGUAGE_STANDARD = gnu11;
				GCC_DYNAMIC_NO_PIC = NO;
				GCC_NO_COMMON_BLOCKS = YES;
				GCC_OPTIMIZATION_LEVEL = 0;
				GCC_PREPROCESSOR_DEFINITIONS = (
					"DEBUG=1",
					"$(inherited)",
				);
				GCC_WARN_64_TO_32_BIT_CONVERSION = YES;
				GCC_WARN_ABOUT_RETURN_TYPE = YES_ERROR;
				GCC_WARN_UNDECLARED_SELECTOR = YES;
				GCC_WARN_UNINITIALIZED_AUTOS = YES_AGGRESSIVE;
				GCC_WARN_UNUSED_FUNCTION = YES;
				GCC_WARN_UNUSED_VARIABLE = YES;
				IPHONEOS_DEPLOYMENT_TARGET = 12.2;
				MTL_ENABLE_DEBUG_INFO = INCLUDE_SOURCE;
				MTL_FAST_MATH = YES;
				ONLY_ACTIVE_ARCH = YES;
				SDKROOT = iphoneos;
				SWIFT_ACTIVE_COMPILATION_CONDITIONS = DEBUG;
				SWIFT_OPTIMIZATION_LEVEL = "-Onone";
			};
			name = Debug;
		};
		18EDEBE522C1407F00A03DB5 /* Release */ = {
			isa = XCBuildConfiguration;
			buildSettings = {
				ALWAYS_SEARCH_USER_PATHS = NO;
				CLANG_ANALYZER_NONNULL = YES;
				CLANG_ANALYZER_NUMBER_OBJECT_CONVERSION = YES_AGGRESSIVE;
				CLANG_CXX_LANGUAGE_STANDARD = "gnu++14";
				CLANG_CXX_LIBRARY = "libc++";
				CLANG_ENABLE_MODULES = YES;
				CLANG_ENABLE_OBJC_ARC = YES;
				CLANG_ENABLE_OBJC_WEAK = YES;
				CLANG_WARN_BLOCK_CAPTURE_AUTORELEASING = YES;
				CLANG_WARN_BOOL_CONVERSION = YES;
				CLANG_WARN_COMMA = YES;
				CLANG_WARN_CONSTANT_CONVERSION = YES;
				CLANG_WARN_DEPRECATED_OBJC_IMPLEMENTATIONS = YES;
				CLANG_WARN_DIRECT_OBJC_ISA_USAGE = YES_ERROR;
				CLANG_WARN_DOCUMENTATION_COMMENTS = YES;
				CLANG_WARN_EMPTY_BODY = YES;
				CLANG_WARN_ENUM_CONVERSION = YES;
				CLANG_WARN_INFINITE_RECURSION = YES;
				CLANG_WARN_INT_CONVERSION = YES;
				CLANG_WARN_NON_LITERAL_NULL_CONVERSION = YES;
				CLANG_WARN_OBJC_IMPLICIT_RETAIN_SELF = YES;
				CLANG_WARN_OBJC_LITERAL_CONVERSION = YES;
				CLANG_WARN_OBJC_ROOT_CLASS = YES_ERROR;
				CLANG_WARN_RANGE_LOOP_ANALYSIS = YES;
				CLANG_WARN_STRICT_PROTOTYPES = YES;
				CLANG_WARN_SUSPICIOUS_MOVE = YES;
				CLANG_WARN_UNGUARDED_AVAILABILITY = YES_AGGRESSIVE;
				CLANG_WARN_UNREACHABLE_CODE = YES;
				CLANG_WARN__DUPLICATE_METHOD_MATCH = YES;
				CODE_SIGN_IDENTITY = "iPhone Developer";
				COPY_PHASE_STRIP = NO;
				DEBUG_INFORMATION_FORMAT = "dwarf-with-dsym";
				ENABLE_NS_ASSERTIONS = NO;
				ENABLE_STRICT_OBJC_MSGSEND = YES;
				GCC_C_LANGUAGE_STANDARD = gnu11;
				GCC_NO_COMMON_BLOCKS = YES;
				GCC_WARN_64_TO_32_BIT_CONVERSION = YES;
				GCC_WARN_ABOUT_RETURN_TYPE = YES_ERROR;
				GCC_WARN_UNDECLARED_SELECTOR = YES;
				GCC_WARN_UNINITIALIZED_AUTOS = YES_AGGRESSIVE;
				GCC_WARN_UNUSED_FUNCTION = YES;
				GCC_WARN_UNUSED_VARIABLE = YES;
				IPHONEOS_DEPLOYMENT_TARGET = 12.2;
				MTL_ENABLE_DEBUG_INFO = NO;
				MTL_FAST_MATH = YES;
				SDKROOT = iphoneos;
				SWIFT_COMPILATION_MODE = wholemodule;
				SWIFT_OPTIMIZATION_LEVEL = "-O";
				VALIDATE_PRODUCT = YES;
			};
			name = Release;
		};
		18EDEBE722C1407F00A03DB5 /* Debug */ = {
			isa = XCBuildConfiguration;
			buildSettings = {
				ASSETCATALOG_COMPILER_APPICON_NAME = AppIcon;
				CODE_SIGN_STYLE = Automatic;
				INFOPLIST_FILE = ViewFinder/Info.plist;
				LD_RUNPATH_SEARCH_PATHS = (
					"$(inherited)",
					"@executable_path/Frameworks",
				);
				PRODUCT_BUNDLE_IDENTIFIER = "karen-lin.ViewFinder";
				PRODUCT_NAME = "$(TARGET_NAME)";
				SWIFT_VERSION = 5.0;
				TARGETED_DEVICE_FAMILY = "1,2";
			};
			name = Debug;
		};
		18EDEBE822C1407F00A03DB5 /* Release */ = {
			isa = XCBuildConfiguration;
			buildSettings = {
				ASSETCATALOG_COMPILER_APPICON_NAME = AppIcon;
				CODE_SIGN_STYLE = Automatic;
				INFOPLIST_FILE = ViewFinder/Info.plist;
				LD_RUNPATH_SEARCH_PATHS = (
					"$(inherited)",
					"@executable_path/Frameworks",
				);
				PRODUCT_BUNDLE_IDENTIFIER = "karen-lin.ViewFinder";
				PRODUCT_NAME = "$(TARGET_NAME)";
				SWIFT_VERSION = 5.0;
				TARGETED_DEVICE_FAMILY = "1,2";
			};
			name = Release;
		};
		18EDEBEA22C1407F00A03DB5 /* Debug */ = {
			isa = XCBuildConfiguration;
			buildSettings = {
				ALWAYS_EMBED_SWIFT_STANDARD_LIBRARIES = YES;
				BUNDLE_LOADER = "$(TEST_HOST)";
				CODE_SIGN_STYLE = Automatic;
				INFOPLIST_FILE = ViewFinderTests/Info.plist;
				LD_RUNPATH_SEARCH_PATHS = (
					"$(inherited)",
					"@executable_path/Frameworks",
					"@loader_path/Frameworks",
				);
				PRODUCT_BUNDLE_IDENTIFIER = "karen-lin.ViewFinderTests";
				PRODUCT_NAME = "$(TARGET_NAME)";
				SWIFT_VERSION = 5.0;
				TARGETED_DEVICE_FAMILY = "1,2";
				TEST_HOST = "$(BUILT_PRODUCTS_DIR)/ViewFinder.app/ViewFinder";
			};
			name = Debug;
		};
		18EDEBEB22C1407F00A03DB5 /* Release */ = {
			isa = XCBuildConfiguration;
			buildSettings = {
				ALWAYS_EMBED_SWIFT_STANDARD_LIBRARIES = YES;
				BUNDLE_LOADER = "$(TEST_HOST)";
				CODE_SIGN_STYLE = Automatic;
				INFOPLIST_FILE = ViewFinderTests/Info.plist;
				LD_RUNPATH_SEARCH_PATHS = (
					"$(inherited)",
					"@executable_path/Frameworks",
					"@loader_path/Frameworks",
				);
				PRODUCT_BUNDLE_IDENTIFIER = "karen-lin.ViewFinderTests";
				PRODUCT_NAME = "$(TARGET_NAME)";
				SWIFT_VERSION = 5.0;
				TARGETED_DEVICE_FAMILY = "1,2";
				TEST_HOST = "$(BUILT_PRODUCTS_DIR)/ViewFinder.app/ViewFinder";
			};
			name = Release;
		};
		18EDEBED22C1407F00A03DB5 /* Debug */ = {
			isa = XCBuildConfiguration;
			buildSettings = {
				ALWAYS_EMBED_SWIFT_STANDARD_LIBRARIES = YES;
				CODE_SIGN_STYLE = Automatic;
				INFOPLIST_FILE = ViewFinderUITests/Info.plist;
				LD_RUNPATH_SEARCH_PATHS = (
					"$(inherited)",
					"@executable_path/Frameworks",
					"@loader_path/Frameworks",
				);
				PRODUCT_BUNDLE_IDENTIFIER = "karen-lin.ViewFinderUITests";
				PRODUCT_NAME = "$(TARGET_NAME)";
				SWIFT_VERSION = 5.0;
				TARGETED_DEVICE_FAMILY = "1,2";
				TEST_TARGET_NAME = ViewFinder;
			};
			name = Debug;
		};
		18EDEBEE22C1407F00A03DB5 /* Release */ = {
			isa = XCBuildConfiguration;
			buildSettings = {
				ALWAYS_EMBED_SWIFT_STANDARD_LIBRARIES = YES;
				CODE_SIGN_STYLE = Automatic;
				INFOPLIST_FILE = ViewFinderUITests/Info.plist;
				LD_RUNPATH_SEARCH_PATHS = (
					"$(inherited)",
					"@executable_path/Frameworks",
					"@loader_path/Frameworks",
				);
				PRODUCT_BUNDLE_IDENTIFIER = "karen-lin.ViewFinderUITests";
				PRODUCT_NAME = "$(TARGET_NAME)";
				SWIFT_VERSION = 5.0;
				TARGETED_DEVICE_FAMILY = "1,2";
				TEST_TARGET_NAME = ViewFinder;
			};
			name = Release;
		};
/* End XCBuildConfiguration section */

/* Begin XCConfigurationList section */
		18EDEBB622C1407C00A03DB5 /* Build configuration list for PBXProject "ViewFinder" */ = {
			isa = XCConfigurationList;
			buildConfigurations = (
				18EDEBE422C1407F00A03DB5 /* Debug */,
				18EDEBE522C1407F00A03DB5 /* Release */,
			);
			defaultConfigurationIsVisible = 0;
			defaultConfigurationName = Release;
		};
		18EDEBE622C1407F00A03DB5 /* Build configuration list for PBXNativeTarget "ViewFinder" */ = {
			isa = XCConfigurationList;
			buildConfigurations = (
				18EDEBE722C1407F00A03DB5 /* Debug */,
				18EDEBE822C1407F00A03DB5 /* Release */,
			);
			defaultConfigurationIsVisible = 0;
			defaultConfigurationName = Release;
		};
		18EDEBE922C1407F00A03DB5 /* Build configuration list for PBXNativeTarget "ViewFinderTests" */ = {
			isa = XCConfigurationList;
			buildConfigurations = (
				18EDEBEA22C1407F00A03DB5 /* Debug */,
				18EDEBEB22C1407F00A03DB5 /* Release */,
			);
			defaultConfigurationIsVisible = 0;
			defaultConfigurationName = Release;
		};
		18EDEBEC22C1407F00A03DB5 /* Build configuration list for PBXNativeTarget "ViewFinderUITests" */ = {
			isa = XCConfigurationList;
			buildConfigurations = (
				18EDEBED22C1407F00A03DB5 /* Debug */,
				18EDEBEE22C1407F00A03DB5 /* Release */,
			);
			defaultConfigurationIsVisible = 0;
			defaultConfigurationName = Release;
		};
/* End XCConfigurationList section */

/* Begin XCVersionGroup section */
		18EDEBC522C1407C00A03DB5 /* ViewFinder.xcdatamodeld */ = {
			isa = XCVersionGroup;
			children = (
				18EDEBC622C1407C00A03DB5 /* ViewFinder.xcdatamodel */,
			);
			currentVersion = 18EDEBC622C1407C00A03DB5 /* ViewFinder.xcdatamodel */;
			path = ViewFinder.xcdatamodeld;
			sourceTree = "<group>";
			versionGroupType = wrapper.xcdatamodel;
		};
/* End XCVersionGroup section */
	};
	rootObject = 18EDEBB322C1407C00A03DB5 /* Project object */;
}
